
Microsoft Visual Studio Solution File, Format Version 12.00
# Visual Studio Version 16
VisualStudioVersion = 16.0.31229.75
MinimumVisualStudioVersion = 10.0.40219.1
Project("{FAE04EC0-301F-11D3-BF4B-00C04F79EFBC}") = "Varun.Algos", "Varun.Algos\Varun.Algos.csproj", "{7B0A5382-4E69-41F2-A963-F274334A48F4}"
EndProject
Project("{FAE04EC0-301F-11D3-BF4B-00C04F79EFBC}") = "Algos.Tests", "Algos.Tests\Algos.Tests.csproj", "{1DD3897C-4F01-4F0A-9212-84966D50333D}"
EndProject
Global
	GlobalSection(SolutionConfigurationPlatforms) = preSolution
		Debug|Any CPU = Debug|Any CPU
		Release|Any CPU = Release|Any CPU
	EndGlobalSection
	GlobalSection(ProjectConfigurationPlatforms) = postSolution
		{7B0A5382-4E69-41F2-A963-F274334A48F4}.Debug|Any CPU.ActiveCfg = Debug|Any CPU
		{7B0A5382-4E69-41F2-A963-F274334A48F4}.Debug|Any CPU.Build.0 = Debug|Any CPU
		{7B0A5382-4E69-41F2-A963-F274334A48F4}.Release|Any CPU.ActiveCfg = Release|Any CPU
		{7B0A5382-4E69-41F2-A963-F274334A48F4}.Release|Any CPU.Build.0 = Release|Any CPU
		{1DD3897C-4F01-4F0A-9212-84966D50333D}.Debug|Any CPU.ActiveCfg = Debug|Any CPU
		{1DD3897C-4F01-4F0A-9212-84966D50333D}.Debug|Any CPU.Build.0 = Debug|Any CPU
		{1DD3897C-4F01-4F0A-9212-84966D50333D}.Release|Any CPU.ActiveCfg = Release|Any CPU
		{1DD3897C-4F01-4F0A-9212-84966D50333D}.Release|Any CPU.Build.0 = Release|Any CPU
	EndGlobalSection
	GlobalSection(SolutionProperties) = preSolution
		HideSolutionNode = FALSE
	EndGlobalSection
	GlobalSection(ExtensibilityGlobals) = postSolution
		SolutionGuid = {0747107B-7C5A-4899-84D6-5CD157DB3E97}
	EndGlobalSection
EndGlobal
